# THIS IS AN AUTOGENERATED FILE. DO NOT EDIT THIS FILE DIRECTLY.
# yarn lockfile v1


"@p5-wrapper/react@^4.4.0":
  version "4.4.0"
  resolved "https://registry.yarnpkg.com/@p5-wrapper/react/-/react-4.4.0.tgz#a522661d2ced4f21578c5b08109b070335bf90ed"
  integrity sha512-4s6KEVb0of3s959tmmQ0Xc77v8Y1ZDw6sbjKR+E8Qdn5oLMfat7Wah5Az9Cs2AzljK3HQcz7WFhel5qBTKJyuQ==
  dependencies:
    microdiff "^1.4.0"
    p5 ">=1.4.1 <2.0.0"

microdiff@^1.4.0:
  version "1.4.0"
  resolved "https://registry.yarnpkg.com/microdiff/-/microdiff-1.4.0.tgz#d7fd98a6db602cd8d3ab4463ed7c0340ff9a6f2c"
  integrity sha512-OBKBOa1VBznvLPb/3ljeJaENVe0fO0lnWl77lR4vhPlQD71UpjEoRV5P0KdQkcjbFlBu1Oy2mEUBMU3wxcBAGg==

"p5@>=1.4.1 <2.0.0":
  version "1.9.3"
  resolved "https://registry.yarnpkg.com/p5/-/p5-1.9.3.tgz#bc0da17a392113c066f0eac749c38f14517ce07b"
  integrity sha512-RnLMqejKJ9ZmBlUpCnVLYF1UnV/NnC13MfOSZdvJXTRH1eQkBQkUVCw5rkyRWE6chI4t5KvIJsZZnFzmGJEgag==
